// !$*UTF8*$!
{
	archiveVersion = 1;
	classes = {
	};
	objectVersion = 46;
	objects = {

/* Begin PBXBuildFile section */
		2E35C02A9B961C7594C1C622 /* libPods-XMLolGames.a in Frameworks */ = {isa = PBXBuildFile; fileRef = 1D415A8D6310F0E7E78FA13A /* libPods-XMLolGames.a */; };
		FC86A3721E0CBEB500467072 /* XMNavViewController.m in Sources */ = {isa = PBXBuildFile; fileRef = FC86A3711E0CBEB500467072 /* XMNavViewController.m */; };
		FC86A3741E0CCC7E00467072 /* Assets.xcassets in Resources */ = {isa = PBXBuildFile; fileRef = FC86A3731E0CCC7E00467072 /* Assets.xcassets */; };
		FC86A3781E0D0EF700467072 /* XMRegiViewController.m in Sources */ = {isa = PBXBuildFile; fileRef = FC86A3761E0D0EF700467072 /* XMRegiViewController.m */; };
		FC86A3791E0D0EF700467072 /* XMRegiViewController.xib in Resources */ = {isa = PBXBuildFile; fileRef = FC86A3771E0D0EF700467072 /* XMRegiViewController.xib */; };
		FC8B67B01E0BB4730027B63F /* main.m in Sources */ = {isa = PBXBuildFile; fileRef = FC8B67AF1E0BB4730027B63F /* main.m */; };
		FC8B67B91E0BB4730027B63F /* Main.storyboard in Resources */ = {isa = PBXBuildFile; fileRef = FC8B67B71E0BB4730027B63F /* Main.storyboard */; };
		FC8B67BE1E0BB4730027B63F /* LaunchScreen.storyboard in Resources */ = {isa = PBXBuildFile; fileRef = FC8B67BC1E0BB4730027B63F /* LaunchScreen.storyboard */; };
		FC8B67C91E0BB4730027B63F /* XMLolGamesTests.m in Sources */ = {isa = PBXBuildFile; fileRef = FC8B67C81E0BB4730027B63F /* XMLolGamesTests.m */; };
		FC8B67D41E0BB4740027B63F /* XMLolGamesUITests.m in Sources */ = {isa = PBXBuildFile; fileRef = FC8B67D31E0BB4740027B63F /* XMLolGamesUITests.m */; };
		FC8B67EC1E0BB5D30027B63F /* AppDelegate.m in Sources */ = {isa = PBXBuildFile; fileRef = FC8B67E91E0BB5D30027B63F /* AppDelegate.m */; };
		FC8B67ED1E0BB5D30027B63F /* ViewController.m in Sources */ = {isa = PBXBuildFile; fileRef = FC8B67EB1E0BB5D30027B63F /* ViewController.m */; };
		FC8B67EF1E0BBA940027B63F /* Images.xcassets in Resources */ = {isa = PBXBuildFile; fileRef = FC8B67EE1E0BBA940027B63F /* Images.xcassets */; };
		FC8B67F61E0BC3950027B63F /* XMSideViewController.m in Sources */ = {isa = PBXBuildFile; fileRef = FC8B67F51E0BC3950027B63F /* XMSideViewController.m */; };
		FC8B67F91E0BC4E00027B63F /* UIView+XMframe.m in Sources */ = {isa = PBXBuildFile; fileRef = FC8B67F81E0BC4E00027B63F /* UIView+XMframe.m */; };
		FC8B68011E0BCE7D0027B63F /* XMLeftViewController.m in Sources */ = {isa = PBXBuildFile; fileRef = FC8B68001E0BCE7D0027B63F /* XMLeftViewController.m */; };
		FC8B68041E0BCE870027B63F /* XMMainViewController.m in Sources */ = {isa = PBXBuildFile; fileRef = FC8B68031E0BCE870027B63F /* XMMainViewController.m */; };
		FC8B68071E0BD14C0027B63F /* XMTabbarController.m in Sources */ = {isa = PBXBuildFile; fileRef = FC8B68061E0BD14C0027B63F /* XMTabbarController.m */; };
		FC8B68191E0BD3BC0027B63F /* XMMessageViewController.m in Sources */ = {isa = PBXBuildFile; fileRef = FC8B68181E0BD3BC0027B63F /* XMMessageViewController.m */; };
		FC8B681C1E0BD3CD0027B63F /* XMHeroViewController.m in Sources */ = {isa = PBXBuildFile; fileRef = FC8B681B1E0BD3CD0027B63F /* XMHeroViewController.m */; };
		FC8B681F1E0BD3E80027B63F /* XMCommunityViewController.m in Sources */ = {isa = PBXBuildFile; fileRef = FC8B681E1E0BD3E80027B63F /* XMCommunityViewController.m */; };
		FC8B68221E0BD3F50027B63F /* XMMoreViewController.m in Sources */ = {isa = PBXBuildFile; fileRef = FC8B68211E0BD3F50027B63F /* XMMoreViewController.m */; };
		FC8B68251E0BD4010027B63F /* XMVideoViewController.m in Sources */ = {isa = PBXBuildFile; fileRef = FC8B68241E0BD4010027B63F /* XMVideoViewController.m */; };
/* End PBXBuildFile section */

/* Begin PBXContainerItemProxy section */
		FC8B67C51E0BB4730027B63F /* PBXContainerItemProxy */ = {
			isa = PBXContainerItemProxy;
			containerPortal = FC8B67A31E0BB4730027B63F /* Project object */;
			proxyType = 1;
			remoteGlobalIDString = FC8B67AA1E0BB4730027B63F;
			remoteInfo = XMLolGames;
		};
		FC8B67D01E0BB4730027B63F /* PBXContainerItemProxy */ = {
			isa = PBXContainerItemProxy;
			containerPortal = FC8B67A31E0BB4730027B63F /* Project object */;
			proxyType = 1;
			remoteGlobalIDString = FC8B67AA1E0BB4730027B63F;
			remoteInfo = XMLolGames;
		};
/* End PBXContainerItemProxy section */

/* Begin PBXFileReference section */
		0CFFBD17452D4CD3F89CDD37 /* Pods-XMLolGames.release.xcconfig */ = {isa = PBXFileReference; includeInIndex = 1; lastKnownFileType = text.xcconfig; name = "Pods-XMLolGames.release.xcconfig"; path = "Pods/Target Support Files/Pods-XMLolGames/Pods-XMLolGames.release.xcconfig"; sourceTree = "<group>"; };
		1D415A8D6310F0E7E78FA13A /* libPods-XMLolGames.a */ = {isa = PBXFileReference; explicitFileType = archive.ar; includeInIndex = 0; path = "libPods-XMLolGames.a"; sourceTree = BUILT_PRODUCTS_DIR; };
		3D48D1E3D56BF8D44A4D202B /* Pods-XMLolGames.debug.xcconfig */ = {isa = PBXFileReference; includeInIndex = 1; lastKnownFileType = text.xcconfig; name = "Pods-XMLolGames.debug.xcconfig"; path = "Pods/Target Support Files/Pods-XMLolGames/Pods-XMLolGames.debug.xcconfig"; sourceTree = "<group>"; };
		FC86A3701E0CBEB500467072 /* XMNavViewController.h */ = {isa = PBXFileReference; fileEncoding = 4; lastKnownFileType = sourcecode.c.h; path = XMNavViewController.h; sourceTree = "<group>"; };
		FC86A3711E0CBEB500467072 /* XMNavViewController.m */ = {isa = PBXFileReference; fileEncoding = 4; lastKnownFileType = sourcecode.c.objc; path = XMNavViewController.m; sourceTree = "<group>"; };
		FC86A3731E0CCC7E00467072 /* Assets.xcassets */ = {isa = PBXFileReference; lastKnownFileType = folder.assetcatalog; path = Assets.xcassets; sourceTree = "<group>"; };
		FC86A3751E0D0EF700467072 /* XMRegiViewController.h */ = {isa = PBXFileReference; fileEncoding = 4; lastKnownFileType = sourcecode.c.h; path = XMRegiViewController.h; sourceTree = "<group>"; };
		FC86A3761E0D0EF700467072 /* XMRegiViewController.m */ = {isa = PBXFileReference; fileEncoding = 4; lastKnownFileType = sourcecode.c.objc; path = XMRegiViewController.m; sourceTree = "<group>"; };
		FC86A3771E0D0EF700467072 /* XMRegiViewController.xib */ = {isa = PBXFileReference; fileEncoding = 4; lastKnownFileType = file.xib; path = XMRegiViewController.xib; sourceTree = "<group>"; };
		FC8B67AB1E0BB4730027B63F /* XMLolGames.app */ = {isa = PBXFileReference; explicitFileType = wrapper.application; includeInIndex = 0; path = XMLolGames.app; sourceTree = BUILT_PRODUCTS_DIR; };
		FC8B67AF1E0BB4730027B63F /* main.m */ = {isa = PBXFileReference; lastKnownFileType = sourcecode.c.objc; path = main.m; sourceTree = "<group>"; };
		FC8B67B81E0BB4730027B63F /* Base */ = {isa = PBXFileReference; lastKnownFileType = file.storyboard; name = Base; path = Base.lproj/Main.storyboard; sourceTree = "<group>"; };
		FC8B67BD1E0BB4730027B63F /* Base */ = {isa = PBXFileReference; lastKnownFileType = file.storyboard; name = Base; path = Base.lproj/LaunchScreen.storyboard; sourceTree = "<group>"; };
		FC8B67BF1E0BB4730027B63F /* Info.plist */ = {isa = PBXFileReference; lastKnownFileType = text.plist.xml; path = Info.plist; sourceTree = "<group>"; };
		FC8B67C41E0BB4730027B63F /* XMLolGamesTests.xctest */ = {isa = PBXFileReference; explicitFileType = wrapper.cfbundle; includeInIndex = 0; path = XMLolGamesTests.xctest; sourceTree = BUILT_PRODUCTS_DIR; };
		FC8B67C81E0BB4730027B63F /* XMLolGamesTests.m */ = {isa = PBXFileReference; lastKnownFileType = sourcecode.c.objc; path = XMLolGamesTests.m; sourceTree = "<group>"; };
		FC8B67CA1E0BB4730027B63F /* Info.plist */ = {isa = PBXFileReference; lastKnownFileType = text.plist.xml; path = Info.plist; sourceTree = "<group>"; };
		FC8B67CF1E0BB4730027B63F /* XMLolGamesUITests.xctest */ = {isa = PBXFileReference; explicitFileType = wrapper.cfbundle; includeInIndex = 0; path = XMLolGamesUITests.xctest; sourceTree = BUILT_PRODUCTS_DIR; };
		FC8B67D31E0BB4740027B63F /* XMLolGamesUITests.m */ = {isa = PBXFileReference; lastKnownFileType = sourcecode.c.objc; path = XMLolGamesUITests.m; sourceTree = "<group>"; };
		FC8B67D51E0BB4740027B63F /* Info.plist */ = {isa = PBXFileReference; lastKnownFileType = text.plist.xml; path = Info.plist; sourceTree = "<group>"; };
		FC8B67E81E0BB5D30027B63F /* AppDelegate.h */ = {isa = PBXFileReference; fileEncoding = 4; lastKnownFileType = sourcecode.c.h; path = AppDelegate.h; sourceTree = "<group>"; };
		FC8B67E91E0BB5D30027B63F /* AppDelegate.m */ = {isa = PBXFileReference; fileEncoding = 4; lastKnownFileType = sourcecode.c.objc; path = AppDelegate.m; sourceTree = "<group>"; };
		FC8B67EA1E0BB5D30027B63F /* ViewController.h */ = {isa = PBXFileReference; fileEncoding = 4; lastKnownFileType = sourcecode.c.h; path = ViewController.h; sourceTree = "<group>"; };
		FC8B67EB1E0BB5D30027B63F /* ViewController.m */ = {isa = PBXFileReference; fileEncoding = 4; lastKnownFileType = sourcecode.c.objc; path = ViewController.m; sourceTree = "<group>"; };
		FC8B67EE1E0BBA940027B63F /* Images.xcassets */ = {isa = PBXFileReference; lastKnownFileType = folder.assetcatalog; path = Images.xcassets; sourceTree = "<group>"; };
		FC8B67F41E0BC3950027B63F /* XMSideViewController.h */ = {isa = PBXFileReference; fileEncoding = 4; lastKnownFileType = sourcecode.c.h; path = XMSideViewController.h; sourceTree = "<group>"; };
		FC8B67F51E0BC3950027B63F /* XMSideViewController.m */ = {isa = PBXFileReference; fileEncoding = 4; lastKnownFileType = sourcecode.c.objc; path = XMSideViewController.m; sourceTree = "<group>"; };
		FC8B67F71E0BC4E00027B63F /* UIView+XMframe.h */ = {isa = PBXFileReference; fileEncoding = 4; lastKnownFileType = sourcecode.c.h; path = "UIView+XMframe.h"; sourceTree = "<group>"; };
		FC8B67F81E0BC4E00027B63F /* UIView+XMframe.m */ = {isa = PBXFileReference; fileEncoding = 4; lastKnownFileType = sourcecode.c.objc; path = "UIView+XMframe.m"; sourceTree = "<group>"; };
		FC8B67FA1E0BC5110027B63F /* PrefixHeader.pch */ = {isa = PBXFileReference; lastKnownFileType = sourcecode.c.h; path = PrefixHeader.pch; sourceTree = "<group>"; };
		FC8B67FF1E0BCE7D0027B63F /* XMLeftViewController.h */ = {isa = PBXFileReference; fileEncoding = 4; lastKnownFileType = sourcecode.c.h; path = XMLeftViewController.h; sourceTree = "<group>"; };
		FC8B68001E0BCE7D0027B63F /* XMLeftViewController.m */ = {isa = PBXFileReference; fileEncoding = 4; lastKnownFileType = sourcecode.c.objc; path = XMLeftViewController.m; sourceTree = "<group>"; };
		FC8B68021E0BCE870027B63F /* XMMainViewController.h */ = {isa = PBXFileReference; fileEncoding = 4; lastKnownFileType = sourcecode.c.h; path = XMMainViewController.h; sourceTree = "<group>"; };
		FC8B68031E0BCE870027B63F /* XMMainViewController.m */ = {isa = PBXFileReference; fileEncoding = 4; lastKnownFileType = sourcecode.c.objc; path = XMMainViewController.m; sourceTree = "<group>"; };
		FC8B68051E0BD14C0027B63F /* XMTabbarController.h */ = {isa = PBXFileReference; fileEncoding = 4; lastKnownFileType = sourcecode.c.h; path = XMTabbarController.h; sourceTree = "<group>"; };
		FC8B68061E0BD14C0027B63F /* XMTabbarController.m */ = {isa = PBXFileReference; fileEncoding = 4; lastKnownFileType = sourcecode.c.objc; path = XMTabbarController.m; sourceTree = "<group>"; };
		FC8B68171E0BD3BC0027B63F /* XMMessageViewController.h */ = {isa = PBXFileReference; fileEncoding = 4; lastKnownFileType = sourcecode.c.h; path = XMMessageViewController.h; sourceTree = "<group>"; };
		FC8B68181E0BD3BC0027B63F /* XMMessageViewController.m */ = {isa = PBXFileReference; fileEncoding = 4; lastKnownFileType = sourcecode.c.objc; path = XMMessageViewController.m; sourceTree = "<group>"; };
		FC8B681A1E0BD3CD0027B63F /* XMHeroViewController.h */ = {isa = PBXFileReference; fileEncoding = 4; lastKnownFileType = sourcecode.c.h; path = XMHeroViewController.h; sourceTree = "<group>"; };
		FC8B681B1E0BD3CD0027B63F /* XMHeroViewController.m */ = {isa = PBXFileReference; fileEncoding = 4; lastKnownFileType = sourcecode.c.objc; path = XMHeroViewController.m; sourceTree = "<group>"; };
		FC8B681D1E0BD3E80027B63F /* XMCommunityViewController.h */ = {isa = PBXFileReference; fileEncoding = 4; lastKnownFileType = sourcecode.c.h; path = XMCommunityViewController.h; sourceTree = "<group>"; };
		FC8B681E1E0BD3E80027B63F /* XMCommunityViewController.m */ = {isa = PBXFileReference; fileEncoding = 4; lastKnownFileType = sourcecode.c.objc; path = XMCommunityViewController.m; sourceTree = "<group>"; };
		FC8B68201E0BD3F50027B63F /* XMMoreViewController.h */ = {isa = PBXFileReference; fileEncoding = 4; lastKnownFileType = sourcecode.c.h; path = XMMoreViewController.h; sourceTree = "<group>"; };
		FC8B68211E0BD3F50027B63F /* XMMoreViewController.m */ = {isa = PBXFileReference; fileEncoding = 4; lastKnownFileType = sourcecode.c.objc; path = XMMoreViewController.m; sourceTree = "<group>"; };
		FC8B68231E0BD4010027B63F /* XMVideoViewController.h */ = {isa = PBXFileReference; fileEncoding = 4; lastKnownFileType = sourcecode.c.h; path = XMVideoViewController.h; sourceTree = "<group>"; };
		FC8B68241E0BD4010027B63F /* XMVideoViewController.m */ = {isa = PBXFileReference; fileEncoding = 4; lastKnownFileType = sourcecode.c.objc; path = XMVideoViewController.m; sourceTree = "<group>"; };
/* End PBXFileReference section */

/* Begin PBXFrameworksBuildPhase section */
		FC8B67A81E0BB4730027B63F /* Frameworks */ = {
			isa = PBXFrameworksBuildPhase;
			buildActionMask = 2147483647;
			files = (
				2E35C02A9B961C7594C1C622 /* libPods-XMLolGames.a in Frameworks */,
			);
			runOnlyForDeploymentPostprocessing = 0;
		};
		FC8B67C11E0BB4730027B63F /* Frameworks */ = {
			isa = PBXFrameworksBuildPhase;
			buildActionMask = 2147483647;
			files = (
			);
			runOnlyForDeploymentPostprocessing = 0;
		};
		FC8B67CC1E0BB4730027B63F /* Frameworks */ = {
			isa = PBXFrameworksBuildPhase;
			buildActionMask = 2147483647;
			files = (
			);
			runOnlyForDeploymentPostprocessing = 0;
		};
/* End PBXFrameworksBuildPhase section */

/* Begin PBXGroup section */
		160C74F6C20796C4F6833C9F /* Pods */ = {
			isa = PBXGroup;
			children = (
				3D48D1E3D56BF8D44A4D202B /* Pods-XMLolGames.debug.xcconfig */,
				0CFFBD17452D4CD3F89CDD37 /* Pods-XMLolGames.release.xcconfig */,
			);
			name = Pods;
			sourceTree = "<group>";
		};
		318A5FE2C8F1672BA0028A84 /* Frameworks */ = {
			isa = PBXGroup;
			children = (
				1D415A8D6310F0E7E78FA13A /* libPods-XMLolGames.a */,
			);
			name = Frameworks;
			sourceTree = "<group>";
		};
		FC8B67A21E0BB4730027B63F = {
			isa = PBXGroup;
			children = (
				FC8B67AD1E0BB4730027B63F /* XMLolGames */,
				FC8B67C71E0BB4730027B63F /* XMLolGamesTests */,
				FC8B67D21E0BB4740027B63F /* XMLolGamesUITests */,
				FC8B67AC1E0BB4730027B63F /* Products */,
				160C74F6C20796C4F6833C9F /* Pods */,
				318A5FE2C8F1672BA0028A84 /* Frameworks */,
			);
			sourceTree = "<group>";
		};
		FC8B67AC1E0BB4730027B63F /* Products */ = {
			isa = PBXGroup;
			children = (
				FC8B67AB1E0BB4730027B63F /* XMLolGames.app */,
				FC8B67C41E0BB4730027B63F /* XMLolGamesTests.xctest */,
				FC8B67CF1E0BB4730027B63F /* XMLolGamesUITests.xctest */,
			);
			name = Products;
			sourceTree = "<group>";
		};
		FC8B67AD1E0BB4730027B63F /* XMLolGames */ = {
			isa = PBXGroup;
			children = (
				FC8B67F01E0BC2FA0027B63F /* TabbarController */,
				FC8B67E71E0BB5D30027B63F /* Appdelegate */,
				FC8B67E11E0BB5CD0027B63F /* Community(four) */,
				FC8B67E21E0BB5CD0027B63F /* Hero(three) */,
				FC8B67E31E0BB5CD0027B63F /* Message(one) */,
				FC8B67E41E0BB5CD0027B63F /* More(five) */,
				FC8B67E51E0BB5CD0027B63F /* ToolClass */,
				FC8B67E61E0BB5CD0027B63F /* Video(two) */,
				FC8B67B71E0BB4730027B63F /* Main.storyboard */,
				FC8B67BC1E0BB4730027B63F /* LaunchScreen.storyboard */,
				FC8B67BF1E0BB4730027B63F /* Info.plist */,
				FC86A3731E0CCC7E00467072 /* Assets.xcassets */,
				FC8B67EE1E0BBA940027B63F /* Images.xcassets */,
				FC8B67AE1E0BB4730027B63F /* Supporting Files */,
			);
			path = XMLolGames;
			sourceTree = "<group>";
		};
		FC8B67AE1E0BB4730027B63F /* Supporting Files */ = {
			isa = PBXGroup;
			children = (
				FC8B67AF1E0BB4730027B63F /* main.m */,
			);
			name = "Supporting Files";
			sourceTree = "<group>";
		};
		FC8B67C71E0BB4730027B63F /* XMLolGamesTests */ = {
			isa = PBXGroup;
			children = (
				FC8B67C81E0BB4730027B63F /* XMLolGamesTests.m */,
				FC8B67CA1E0BB4730027B63F /* Info.plist */,
			);
			path = XMLolGamesTests;
			sourceTree = "<group>";
		};
		FC8B67D21E0BB4740027B63F /* XMLolGamesUITests */ = {
			isa = PBXGroup;
			children = (
				FC8B67D31E0BB4740027B63F /* XMLolGamesUITests.m */,
				FC8B67D51E0BB4740027B63F /* Info.plist */,
			);
			path = XMLolGamesUITests;
			sourceTree = "<group>";
		};
		FC8B67E11E0BB5CD0027B63F /* Community(four) */ = {
			isa = PBXGroup;
			children = (
				FC8B68111E0BD3840027B63F /* controller */,
				FC8B68121E0BD3840027B63F /* Model */,
				FC8B68131E0BD3840027B63F /* View */,
			);
			path = "Community(four)";
			sourceTree = "<group>";
		};
		FC8B67E21E0BB5CD0027B63F /* Hero(three) */ = {
			isa = PBXGroup;
			children = (
				FC8B680E1E0BD37D0027B63F /* controller */,
				FC8B680F1E0BD37D0027B63F /* Model */,
				FC8B68101E0BD37D0027B63F /* View */,
			);
			path = "Hero(three)";
			sourceTree = "<group>";
		};
		FC8B67E31E0BB5CD0027B63F /* Message(one) */ = {
			isa = PBXGroup;
			children = (
				FC8B68081E0BD3670027B63F /* controller */,
				FC8B68091E0BD3670027B63F /* Model */,
				FC8B680A1E0BD3670027B63F /* View */,
			);
			path = "Message(one)";
			sourceTree = "<group>";
		};
		FC8B67E41E0BB5CD0027B63F /* More(five) */ = {
			isa = PBXGroup;
			children = (
				FC8B68141E0BD38B0027B63F /* controller */,
				FC8B68151E0BD38B0027B63F /* Model */,
				FC8B68161E0BD38B0027B63F /* View */,
			);
			path = "More(five)";
			sourceTree = "<group>";
		};
		FC8B67E51E0BB5CD0027B63F /* ToolClass */ = {
			isa = PBXGroup;
			children = (
				FC8B67F71E0BC4E00027B63F /* UIView+XMframe.h */,
				FC8B67F81E0BC4E00027B63F /* UIView+XMframe.m */,
				FC8B67FA1E0BC5110027B63F /* PrefixHeader.pch */,
			);
			path = ToolClass;
			sourceTree = "<group>";
		};
		FC8B67E61E0BB5CD0027B63F /* Video(two) */ = {
			isa = PBXGroup;
			children = (
				FC8B680B1E0BD3740027B63F /* controller */,
				FC8B680C1E0BD3740027B63F /* Model */,
				FC8B680D1E0BD3740027B63F /* View */,
			);
			path = "Video(two)";
			sourceTree = "<group>";
		};
		FC8B67E71E0BB5D30027B63F /* Appdelegate */ = {
			isa = PBXGroup;
			children = (
				FC8B67E81E0BB5D30027B63F /* AppDelegate.h */,
				FC8B67E91E0BB5D30027B63F /* AppDelegate.m */,
				FC8B67EA1E0BB5D30027B63F /* ViewController.h */,
				FC8B67EB1E0BB5D30027B63F /* ViewController.m */,
			);
			path = Appdelegate;
			sourceTree = "<group>";
		};
		FC8B67F01E0BC2FA0027B63F /* TabbarController */ = {
			isa = PBXGroup;
			children = (
				FC8B67F21E0BC3510027B63F /* SideViewController */,
				FC8B67F31E0BC3510027B63F /* TabbarCon */,
			);
			path = TabbarController;
			sourceTree = "<group>";
		};
		FC8B67F21E0BC3510027B63F /* SideViewController */ = {
			isa = PBXGroup;
			children = (
				FC8B67F41E0BC3950027B63F /* XMSideViewController.h */,
				FC8B67F51E0BC3950027B63F /* XMSideViewController.m */,
			);
			path = SideViewController;
			sourceTree = "<group>";
		};
		FC8B67F31E0BC3510027B63F /* TabbarCon */ = {
			isa = PBXGroup;
			children = (
				FC8B67FF1E0BCE7D0027B63F /* XMLeftViewController.h */,
				FC8B68001E0BCE7D0027B63F /* XMLeftViewController.m */,
				FC8B68021E0BCE870027B63F /* XMMainViewController.h */,
				FC8B68031E0BCE870027B63F /* XMMainViewController.m */,
				FC8B68051E0BD14C0027B63F /* XMTabbarController.h */,
				FC8B68061E0BD14C0027B63F /* XMTabbarController.m */,
				FC86A3701E0CBEB500467072 /* XMNavViewController.h */,
				FC86A3711E0CBEB500467072 /* XMNavViewController.m */,
				FC86A3751E0D0EF700467072 /* XMRegiViewController.h */,
				FC86A3761E0D0EF700467072 /* XMRegiViewController.m */,
				FC86A3771E0D0EF700467072 /* XMRegiViewController.xib */,
			);
			path = TabbarCon;
			sourceTree = "<group>";
		};
		FC8B68081E0BD3670027B63F /* controller */ = {
			isa = PBXGroup;
			children = (
				FC8B68171E0BD3BC0027B63F /* XMMessageViewController.h */,
				FC8B68181E0BD3BC0027B63F /* XMMessageViewController.m */,
			);
			path = controller;
			sourceTree = "<group>";
		};
		FC8B68091E0BD3670027B63F /* Model */ = {
			isa = PBXGroup;
			children = (
			);
			path = Model;
			sourceTree = "<group>";
		};
		FC8B680A1E0BD3670027B63F /* View */ = {
			isa = PBXGroup;
			children = (
			);
			path = View;
			sourceTree = "<group>";
		};
		FC8B680B1E0BD3740027B63F /* controller */ = {
			isa = PBXGroup;
			children = (
				FC8B68231E0BD4010027B63F /* XMVideoViewController.h */,
				FC8B68241E0BD4010027B63F /* XMVideoViewController.m */,
			);
			path = controller;
			sourceTree = "<group>";
		};
		FC8B680C1E0BD3740027B63F /* Model */ = {
			isa = PBXGroup;
			children = (
			);
			path = Model;
			sourceTree = "<group>";
		};
		FC8B680D1E0BD3740027B63F /* View */ = {
			isa = PBXGroup;
			children = (
			);
			path = View;
			sourceTree = "<group>";
		};
		FC8B680E1E0BD37D0027B63F /* controller */ = {
			isa = PBXGroup;
			children = (
				FC8B681A1E0BD3CD0027B63F /* XMHeroViewController.h */,
				FC8B681B1E0BD3CD0027B63F /* XMHeroViewController.m */,
			);
			path = controller;
			sourceTree = "<group>";
		};
		FC8B680F1E0BD37D0027B63F /* Model */ = {
			isa = PBXGroup;
			children = (
			);
			path = Model;
			sourceTree = "<group>";
		};
		FC8B68101E0BD37D0027B63F /* View */ = {
			isa = PBXGroup;
			children = (
			);
			path = View;
			sourceTree = "<group>";
		};
		FC8B68111E0BD3840027B63F /* controller */ = {
			isa = PBXGroup;
			children = (
				FC8B681D1E0BD3E80027B63F /* XMCommunityViewController.h */,
				FC8B681E1E0BD3E80027B63F /* XMCommunityViewController.m */,
			);
			path = controller;
			sourceTree = "<group>";
		};
		FC8B68121E0BD3840027B63F /* Model */ = {
			isa = PBXGroup;
			children = (
			);
			path = Model;
			sourceTree = "<group>";
		};
		FC8B68131E0BD3840027B63F /* View */ = {
			isa = PBXGroup;
			children = (
			);
			path = View;
			sourceTree = "<group>";
		};
		FC8B68141E0BD38B0027B63F /* controller */ = {
			isa = PBXGroup;
			children = (
				FC8B68201E0BD3F50027B63F /* XMMoreViewController.h */,
				FC8B68211E0BD3F50027B63F /* XMMoreViewController.m */,
			);
			path = controller;
			sourceTree = "<group>";
		};
		FC8B68151E0BD38B0027B63F /* Model */ = {
			isa = PBXGroup;
			children = (
			);
			path = Model;
			sourceTree = "<group>";
		};
		FC8B68161E0BD38B0027B63F /* View */ = {
			isa = PBXGroup;
			children = (
			);
			path = View;
			sourceTree = "<group>";
		};
/* End PBXGroup section */

/* Begin PBXNativeTarget section */
		FC8B67AA1E0BB4730027B63F /* XMLolGames */ = {
			isa = PBXNativeTarget;
			buildConfigurationList = FC8B67D81E0BB4740027B63F /* Build configuration list for PBXNativeTarget "XMLolGames" */;
			buildPhases = (
				58AC30CE51BD461B5C91DE57 /* [CP] Check Pods Manifest.lock */,
				FC8B67A71E0BB4730027B63F /* Sources */,
				FC8B67A81E0BB4730027B63F /* Frameworks */,
				FC8B67A91E0BB4730027B63F /* Resources */,
				EADD2267C9B0678071DAC527 /* [CP] Embed Pods Frameworks */,
				0343622251FDEC67B5D0CBC4 /* [CP] Copy Pods Resources */,
			);
			buildRules = (
			);
			dependencies = (
			);
			name = XMLolGames;
			productName = XMLolGames;
			productReference = FC8B67AB1E0BB4730027B63F /* XMLolGames.app */;
			productType = "com.apple.product-type.application";
		};
		FC8B67C31E0BB4730027B63F /* XMLolGamesTests */ = {
			isa = PBXNativeTarget;
			buildConfigurationList = FC8B67DB1E0BB4740027B63F /* Build configuration list for PBXNativeTarget "XMLolGamesTests" */;
			buildPhases = (
				FC8B67C01E0BB4730027B63F /* Sources */,
				FC8B67C11E0BB4730027B63F /* Frameworks */,
				FC8B67C21E0BB4730027B63F /* Resources */,
			);
			buildRules = (
			);
			dependencies = (
				FC8B67C61E0BB4730027B63F /* PBXTargetDependency */,
			);
			name = XMLolGamesTests;
			productName = XMLolGamesTests;
			productReference = FC8B67C41E0BB4730027B63F /* XMLolGamesTests.xctest */;
			productType = "com.apple.product-type.bundle.unit-test";
		};
		FC8B67CE1E0BB4730027B63F /* XMLolGamesUITests */ = {
			isa = PBXNativeTarget;
			buildConfigurationList = FC8B67DE1E0BB4740027B63F /* Build configuration list for PBXNativeTarget "XMLolGamesUITests" */;
			buildPhases = (
				FC8B67CB1E0BB4730027B63F /* Sources */,
				FC8B67CC1E0BB4730027B63F /* Frameworks */,
				FC8B67CD1E0BB4730027B63F /* Resources */,
			);
			buildRules = (
			);
			dependencies = (
				FC8B67D11E0BB4730027B63F /* PBXTargetDependency */,
			);
			name = XMLolGamesUITests;
			productName = XMLolGamesUITests;
			productReference = FC8B67CF1E0BB4730027B63F /* XMLolGamesUITests.xctest */;
			productType = "com.apple.product-type.bundle.ui-testing";
		};
/* End PBXNativeTarget section */

/* Begin PBXProject section */
		FC8B67A31E0BB4730027B63F /* Project object */ = {
			isa = PBXProject;
			attributes = {
				CLASSPREFIX = XM;
				LastUpgradeCheck = 0810;
				ORGANIZATIONNAME = montnets;
				TargetAttributes = {
					FC8B67AA1E0BB4730027B63F = {
						CreatedOnToolsVersion = 8.1;
						ProvisioningStyle = Automatic;
					};
					FC8B67C31E0BB4730027B63F = {
						CreatedOnToolsVersion = 8.1;
						ProvisioningStyle = Automatic;
						TestTargetID = FC8B67AA1E0BB4730027B63F;
					};
					FC8B67CE1E0BB4730027B63F = {
						CreatedOnToolsVersion = 8.1;
						ProvisioningStyle = Automatic;
						TestTargetID = FC8B67AA1E0BB4730027B63F;
					};
				};
			};
			buildConfigurationList = FC8B67A61E0BB4730027B63F /* Build configuration list for PBXProject "XMLolGames" */;
			compatibilityVersion = "Xcode 3.2";
			developmentRegion = English;
			hasScannedForEncodings = 0;
			knownRegions = (
				en,
				Base,
			);
			mainGroup = FC8B67A21E0BB4730027B63F;
			productRefGroup = FC8B67AC1E0BB4730027B63F /* Products */;
			projectDirPath = "";
			projectRoot = "";
			targets = (
				FC8B67AA1E0BB4730027B63F /* XMLolGames */,
				FC8B67C31E0BB4730027B63F /* XMLolGamesTests */,
				FC8B67CE1E0BB4730027B63F /* XMLolGamesUITests */,
			);
		};
/* End PBXProject section */

/* Begin PBXResourcesBuildPhase section */
		FC8B67A91E0BB4730027B63F /* Resources */ = {
			isa = PBXResourcesBuildPhase;
			buildActionMask = 2147483647;
			files = (
				FC8B67BE1E0BB4730027B63F /* LaunchScreen.storyboard in Resources */,
				FC8B67EF1E0BBA940027B63F /* Images.xcassets in Resources */,
				FC86A3741E0CCC7E00467072 /* Assets.xcassets in Resources */,
				FC86A3791E0D0EF700467072 /* XMRegiViewController.xib in Resources */,
				FC8B67B91E0BB4730027B63F /* Main.storyboard in Resources */,
			);
			runOnlyForDeploymentPostprocessing = 0;
		};
		FC8B67C21E0BB4730027B63F /* Resources */ = {
			isa = PBXResourcesBuildPhase;
			buildActionMask = 2147483647;
			files = (
			);
			runOnlyForDeploymentPostprocessing = 0;
		};
		FC8B67CD1E0BB4730027B63F /* Resources */ = {
			isa = PBXResourcesBuildPhase;
			buildActionMask = 2147483647;
			files = (
			);
			runOnlyForDeploymentPostprocessing = 0;
		};
/* End PBXResourcesBuildPhase section */

/* Begin PBXShellScriptBuildPhase section */
		0343622251FDEC67B5D0CBC4 /* [CP] Copy Pods Resources */ = {
			isa = PBXShellScriptBuildPhase;
			buildActionMask = 2147483647;
			files = (
			);
			inputPaths = (
			);
			name = "[CP] Copy Pods Resources";
			outputPaths = (
			);
			runOnlyForDeploymentPostprocessing = 0;
			shellPath = /bin/sh;
			shellScript = "\"${SRCROOT}/Pods/Target Support Files/Pods-XMLolGames/Pods-XMLolGames-resources.sh\"\n";
			showEnvVarsInLog = 0;
		};
		58AC30CE51BD461B5C91DE57 /* [CP] Check Pods Manifest.lock */ = {
			isa = PBXShellScriptBuildPhase;
			buildActionMask = 2147483647;
			files = (
			);
			inputPaths = (
			);
			name = "[CP] Check Pods Manifest.lock";
			outputPaths = (
			);
			runOnlyForDeploymentPostprocessing = 0;
			shellPath = /bin/sh;
			shellScript = "diff \"${PODS_ROOT}/../Podfile.lock\" \"${PODS_ROOT}/Manifest.lock\" > /dev/null\nif [ $? != 0 ] ; then\n    # print error to STDERR\n    echo \"error: The sandbox is not in sync with the Podfile.lock. Run 'pod install' or update your CocoaPods installation.\" >&2\n    exit 1\nfi\n";
			showEnvVarsInLog = 0;
		};
		EADD2267C9B0678071DAC527 /* [CP] Embed Pods Frameworks */ = {
			isa = PBXShellScriptBuildPhase;
			buildActionMask = 2147483647;
			files = (
			);
			inputPaths = (
			);
			name = "[CP] Embed Pods Frameworks";
			outputPaths = (
			);
			runOnlyForDeploymentPostprocessing = 0;
			shellPath = /bin/sh;
			shellScript = "\"${SRCROOT}/Pods/Target Support Files/Pods-XMLolGames/Pods-XMLolGames-frameworks.sh\"\n";
			showEnvVarsInLog = 0;
		};
/* End PBXShellScriptBuildPhase section */

/* Begin PBXSourcesBuildPhase section */
		FC8B67A71E0BB4730027B63F /* Sources */ = {
			isa = PBXSourcesBuildPhase;
			buildActionMask = 2147483647;
			files = (
				FC8B67F91E0BC4E00027B63F /* UIView+XMframe.m in Sources */,
				FC8B68071E0BD14C0027B63F /* XMTabbarController.m in Sources */,
				FC8B68251E0BD4010027B63F /* XMVideoViewController.m in Sources */,
				FC8B68041E0BCE870027B63F /* XMMainViewController.m in Sources */,
				FC8B67ED1E0BB5D30027B63F /* ViewController.m in Sources */,
				FC86A3781E0D0EF700467072 /* XMRegiViewController.m in Sources */,
				FC8B67EC1E0BB5D30027B63F /* AppDelegate.m in Sources */,
				FC8B67F61E0BC3950027B63F /* XMSideViewController.m in Sources */,
				FC8B681F1E0BD3E80027B63F /* XMCommunityViewController.m in Sources */,
				FC8B68191E0BD3BC0027B63F /* XMMessageViewController.m in Sources */,
				FC8B68221E0BD3F50027B63F /* XMMoreViewController.m in Sources */,
				FC8B67B01E0BB4730027B63F /* main.m in Sources */,
				FC86A3721E0CBEB500467072 /* XMNavViewController.m in Sources */,
				FC8B68011E0BCE7D0027B63F /* XMLeftViewController.m in Sources */,
				FC8B681C1E0BD3CD0027B63F /* XMHeroViewController.m in Sources */,
			);
			runOnlyForDeploymentPostprocessing = 0;
		};
		FC8B67C01E0BB4730027B63F /* Sources */ = {
			isa = PBXSourcesBuildPhase;
			buildActionMask = 2147483647;
			files = (
				FC8B67C91E0BB4730027B63F /* XMLolGamesTests.m in Sources */,
			);
			runOnlyForDeploymentPostprocessing = 0;
		};
		FC8B67CB1E0BB4730027B63F /* Sources */ = {
			isa = PBXSourcesBuildPhase;
			buildActionMask = 2147483647;
			files = (
				FC8B67D41E0BB4740027B63F /* XMLolGamesUITests.m in Sources */,
			);
			runOnlyForDeploymentPostprocessing = 0;
		};
/* End PBXSourcesBuildPhase section */

/* Begin PBXTargetDependency section */
		FC8B67C61E0BB4730027B63F /* PBXTargetDependency */ = {
			isa = PBXTargetDependency;
			target = FC8B67AA1E0BB4730027B63F /* XMLolGames */;
			targetProxy = FC8B67C51E0BB4730027B63F /* PBXContainerItemProxy */;
		};
		FC8B67D11E0BB4730027B63F /* PBXTargetDependency */ = {
			isa = PBXTargetDependency;
			target = FC8B67AA1E0BB4730027B63F /* XMLolGames */;
			targetProxy = FC8B67D01E0BB4730027B63F /* PBXContainerItemProxy */;
		};
/* End PBXTargetDependency section */

/* Begin PBXVariantGroup section */
		FC8B67B71E0BB4730027B63F /* Main.storyboard */ = {
			isa = PBXVariantGroup;
			children = (
				FC8B67B81E0BB4730027B63F /* Base */,
			);
			name = Main.storyboard;
			sourceTree = "<group>";
		};
		FC8B67BC1E0BB4730027B63F /* LaunchScreen.storyboard */ = {
			isa = PBXVariantGroup;
			children = (
				FC8B67BD1E0BB4730027B63F /* Base */,
			);
			name = LaunchScreen.storyboard;
			sourceTree = "<group>";
		};
/* End PBXVariantGroup section */

/* Begin XCBuildConfiguration section */
		FC8B67D61E0BB4740027B63F /* Debug */ = {
			isa = XCBuildConfiguration;
			buildSettings = {
				ALWAYS_SEARCH_USER_PATHS = NO;
				CLANG_ANALYZER_NONNULL = YES;
				CLANG_CXX_LANGUAGE_STANDARD = "gnu++0x";
				CLANG_CXX_LIBRARY = "libc++";
				CLANG_ENABLE_MODULES = YES;
				CLANG_ENABLE_OBJC_ARC = YES;
				CLANG_WARN_BOOL_CONVERSION = YES;
				CLANG_WARN_CONSTANT_CONVERSION = YES;
				CLANG_WARN_DIRECT_OBJC_ISA_USAGE = YES_ERROR;
				CLANG_WARN_DOCUMENTATION_COMMENTS = YES;
				CLANG_WARN_EMPTY_BODY = YES;
				CLANG_WARN_ENUM_CONVERSION = YES;
				CLANG_WARN_INFINITE_RECURSION = YES;
				CLANG_WARN_INT_CONVERSION = YES;
				CLANG_WARN_OBJC_ROOT_CLASS = YES_ERROR;
				CLANG_WARN_SUSPICIOUS_MOVES = YES;
				CLANG_WARN_UNREACHABLE_CODE = YES;
				CLANG_WARN__DUPLICATE_METHOD_MATCH = YES;
				"CODE_SIGN_IDENTITY[sdk=iphoneos*]" = "iPhone Developer";
				COPY_PHASE_STRIP = NO;
				DEBUG_INFORMATION_FORMAT = dwarf;
				ENABLE_STRICT_OBJC_MSGSEND = YES;
				ENABLE_TESTABILITY = YES;
				GCC_C_LANGUAGE_STANDARD = gnu99;
				GCC_DYNAMIC_NO_PIC = NO;
				GCC_NO_COMMON_BLOCKS = YES;
				GCC_OPTIMIZATION_LEVEL = 0;
				GCC_PREPROCESSOR_DEFINITIONS = (
					"DEBUG=1",
					"$(inherited)",
				);
				GCC_WARN_64_TO_32_BIT_CONVERSION = YES;
				GCC_WARN_ABOUT_RETURN_TYPE = YES_ERROR;
				GCC_WARN_UNDECLARED_SELECTOR = YES;
				GCC_WARN_UNINITIALIZED_AUTOS = YES_AGGRESSIVE;
				GCC_WARN_UNUSED_FUNCTION = YES;
				GCC_WARN_UNUSED_VARIABLE = YES;
				IPHONEOS_DEPLOYMENT_TARGET = 10.1;
				MTL_ENABLE_DEBUG_INFO = YES;
				ONLY_ACTIVE_ARCH = YES;
				SDKROOT = iphoneos;
				TARGETED_DEVICE_FAMILY = "1,2";
			};
			name = Debug;
		};
		FC8B67D71E0BB4740027B63F /* Release */ = {
			isa = XCBuildConfiguration;
			buildSettings = {
				ALWAYS_SEARCH_USER_PATHS = NO;
				CLANG_ANALYZER_NONNULL = YES;
				CLANG_CXX_LANGUAGE_STANDARD = "gnu++0x";
				CLANG_CXX_LIBRARY = "libc++";
				CLANG_ENABLE_MODULES = YES;
				CLANG_ENABLE_OBJC_ARC = YES;
				CLANG_WARN_BOOL_CONVERSION = YES;
				CLANG_WARN_CONSTANT_CONVERSION = YES;
				CLANG_WARN_DIRECT_OBJC_ISA_USAGE = YES_ERROR;
				CLANG_WARN_DOCUMENTATION_COMMENTS = YES;
				CLANG_WARN_EMPTY_BODY = YES;
				CLANG_WARN_ENUM_CONVERSION = YES;
				CLANG_WARN_INFINITE_RECURSION = YES;
				CLANG_WARN_INT_CONVERSION = YES;
				CLANG_WARN_OBJC_ROOT_CLASS = YES_ERROR;
				CLANG_WARN_SUSPICIOUS_MOVES = YES;
				CLANG_WARN_UNREACHABLE_CODE = YES;
				CLANG_WARN__DUPLICATE_METHOD_MATCH = YES;
				"CODE_SIGN_IDENTITY[sdk=iphoneos*]" = "iPhone Developer";
				COPY_PHASE_STRIP = NO;
				DEBUG_INFORMATION_FORMAT = "dwarf-with-dsym";
				ENABLE_NS_ASSERTIONS = NO;
				ENABLE_STRICT_OBJC_MSGSEND = YES;
				GCC_C_LANGUAGE_STANDARD = gnu99;
				GCC_NO_COMMON_BLOCKS = YES;
				GCC_WARN_64_TO_32_BIT_CONVERSION = YES;
				GCC_WARN_ABOUT_RETURN_TYPE = YES_ERROR;
				GCC_WARN_UNDECLARED_SELECTOR = YES;
				GCC_WARN_UNINITIALIZED_AUTOS = YES_AGGRESSIVE;
				GCC_WARN_UNUSED_FUNCTION = YES;
				GCC_WARN_UNUSED_VARIABLE = YES;
				IPHONEOS_DEPLOYMENT_TARGET = 10.1;
				MTL_ENABLE_DEBUG_INFO = NO;
				SDKROOT = iphoneos;
				TARGETED_DEVICE_FAMILY = "1,2";
				VALIDATE_PRODUCT = YES;
			};
			name = Release;
		};
		FC8B67D91E0BB4740027B63F /* Debug */ = {
			isa = XCBuildConfiguration;
			baseConfigurationReference = 3D48D1E3D56BF8D44A4D202B /* Pods-XMLolGames.debug.xcconfig */;
			buildSettings = {
				ASSETCATALOG_COMPILER_APPICON_NAME = AppIcon;
				ASSETCATALOG_COMPILER_LAUNCHIMAGE_NAME = LaunchImage;
				GCC_PREFIX_HEADER = "$(SRCROOT)/XMLolGames/ToolClass/PrefixHeader.pch";
				INFOPLIST_FILE = XMLolGames/Info.plist;
				IPHONEOS_DEPLOYMENT_TARGET = 8.0;
				LD_RUNPATH_SEARCH_PATHS = "$(inherited) @executable_path/Frameworks";
				PRODUCT_BUNDLE_IDENTIFIER = com.montnets.XMLolGames;
				PRODUCT_NAME = "$(TARGET_NAME)";
			};
			name = Debug;
		};
		FC8B67DA1E0BB4740027B63F /* Release */ = {
			isa = XCBuildConfiguration;
			baseConfigurationReference = 0CFFBD17452D4CD3F89CDD37 /* Pods-XMLolGames.release.xcconfig */;
			buildSettings = {
				ASSETCATALOG_COMPILER_APPICON_NAME = AppIcon;
				ASSETCATALOG_COMPILER_LAUNCHIMAGE_NAME = LaunchImage;
				GCC_PREFIX_HEADER = "$(SRCROOT)/XMLolGames/ToolClass/PrefixHeader.pch";
				INFOPLIST_FILE = XMLolGames/Info.plist;
				IPHONEOS_DEPLOYMENT_TARGET = 8.0;
				LD_RUNPATH_SEARCH_PATHS = "$(inherited) @executable_path/Frameworks";
				PRODUCT_BUNDLE_IDENTIFIER = com.montnets.XMLolGames;
				PRODUCT_NAME = "$(TARGET_NAME)";
			};
			name = Release;
		};
		FC8B67DC1E0BB4740027B63F /* Debug */ = {
			isa = XCBuildConfiguration;
			buildSettings = {
				BUNDLE_LOADER = "$(TEST_HOST)";
				INFOPLIST_FILE = XMLolGamesTests/Info.plist;
				LD_RUNPATH_SEARCH_PATHS = "$(inherited) @executable_path/Frameworks @loader_path/Frameworks";
				PRODUCT_BUNDLE_IDENTIFIER = com.montnets.XMLolGamesTests;
				PRODUCT_NAME = "$(TARGET_NAME)";
				TEST_HOST = "$(BUILT_PRODUCTS_DIR)/XMLolGames.app/XMLolGames";
			};
			name = Debug;
		};
		FC8B67DD1E0BB4740027B63F /* Release */ = {
			isa = XCBuildConfiguration;
			buildSettings = {
				BUNDLE_LOADER = "$(TEST_HOST)";
				INFOPLIST_FILE = XMLolGamesTests/Info.plist;
				LD_RUNPATH_SEARCH_PATHS = "$(inherited) @executable_path/Frameworks @loader_path/Frameworks";
				PRODUCT_BUNDLE_IDENTIFIER = com.montnets.XMLolGamesTests;
				PRODUCT_NAME = "$(TARGET_NAME)";
				TEST_HOST = "$(BUILT_PRODUCTS_DIR)/XMLolGames.app/XMLolGames";
			};
			name = Release;
		};
		FC8B67DF1E0BB4740027B63F /* Debug */ = {
			isa = XCBuildConfiguration;
			buildSettings = {
				INFOPLIST_FILE = XMLolGamesUITests/Info.plist;
				LD_RUNPATH_SEARCH_PATHS = "$(inherited) @executable_path/Frameworks @loader_path/Frameworks";
				PRODUCT_BUNDLE_IDENTIFIER = com.montnets.XMLolGamesUITests;
				PRODUCT_NAME = "$(TARGET_NAME)";
				TEST_TARGET_NAME = XMLolGames;
			};
			name = Debug;
		};
		FC8B67E01E0BB4740027B63F /* Release */ = {
			isa = XCBuildConfiguration;
			buildSettings = {
				INFOPLIST_FILE = XMLolGamesUITests/Info.plist;
				LD_RUNPATH_SEARCH_PATHS = "$(inherited) @executable_path/Frameworks @loader_path/Frameworks";
				PRODUCT_BUNDLE_IDENTIFIER = com.montnets.XMLolGamesUITests;
				PRODUCT_NAME = "$(TARGET_NAME)";
				TEST_TARGET_NAME = XMLolGames;
			};
			name = Release;
		};
/* End XCBuildConfiguration section */

/* Begin XCConfigurationList section */
		FC8B67A61E0BB4730027B63F /* Build configuration list for PBXProject "XMLolGames" */ = {
			isa = XCConfigurationList;
			buildConfigurations = (
				FC8B67D61E0BB4740027B63F /* Debug */,
				FC8B67D71E0BB4740027B63F /* Release */,
			);
			defaultConfigurationIsVisible = 0;
			defaultConfigurationName = Release;
		};
		FC8B67D81E0BB4740027B63F /* Build configuration list for PBXNativeTarget "XMLolGames" */ = {
			isa = XCConfigurationList;
			buildConfigurations = (
				FC8B67D91E0BB4740027B63F /* Debug */,
				FC8B67DA1E0BB4740027B63F /* Release */,
			);
			defaultConfigurationIsVisible = 0;
			defaultConfigurationName = Release;
		};
		FC8B67DB1E0BB4740027B63F /* Build configuration list for PBXNativeTarget "XMLolGamesTests" */ = {
			isa = XCConfigurationList;
			buildConfigurations = (
				FC8B67DC1E0BB4740027B63F /* Debug */,
				FC8B67DD1E0BB4740027B63F /* Release */,
			);
			defaultConfigurationIsVisible = 0;
			defaultConfigurationName = Release;
		};
		FC8B67DE1E0BB4740027B63F /* Build configuration list for PBXNativeTarget "XMLolGamesUITests" */ = {
			isa = XCConfigurationList;
			buildConfigurations = (
				FC8B67DF1E0BB4740027B63F /* Debug */,
				FC8B67E01E0BB4740027B63F /* Release */,
			);
			defaultConfigurationIsVisible = 0;
			defaultConfigurationName = Release;
		};
/* End XCConfigurationList section */
	};
	rootObject = FC8B67A31E0BB4730027B63F /* Project object */;
}
